
Microsoft Visual Studio Solution File, Format Version 12.00
# Visual Studio 15
VisualStudioVersion = 15.0.27130.2036
MinimumVisualStudioVersion = 10.0.40219.1
Project("{FAE04EC0-301F-11D3-BF4B-00C04F79EFBC}") = "Zadanie 1.1", "Zadanie 1.1\Zadanie 1.1.csproj", "{665CCDAD-33D5-4644-BE07-2133DDC77041}"
EndProject
Project("{FAE04EC0-301F-11D3-BF4B-00C04F79EFBC}") = "Zadanie 1.2", "Zadanie 1.2\Zadanie 1.2.csproj", "{7A23CC8A-035D-4130-ABA5-A90876940C8E}"
EndProject
Project("{FAE04EC0-301F-11D3-BF4B-00C04F79EFBC}") = "Zadanie 1.3", "Zadanie 1.3\Zadanie 1.3.csproj", "{7C0672ED-771A-4627-A2B2-2C2F553C3D98}"
EndProject
Project("{FAE04EC0-301F-11D3-BF4B-00C04F79EFBC}") = "Zadanie 1.4", "Zadanie 1.4\Zadanie 1.4.csproj", "{15C74EF1-7EAA-4F01-9BB6-6148759748B0}"
EndProject
Project("{FAE04EC0-301F-11D3-BF4B-00C04F79EFBC}") = "Zadanie 1.5", "Zadanie 1.5\Zadanie 1.5.csproj", "{BE6E4110-E6C7-4B11-8622-F1A5387B895F}"
EndProject
Project("{FAE04EC0-301F-11D3-BF4B-00C04F79EFBC}") = "Zadanie 1.6", "Zadanie 1.6\Zadanie 1.6.csproj", "{A7CF75B2-D5B8-49A4-A361-E9E5FC6A136D}"
EndProject
Project("{FAE04EC0-301F-11D3-BF4B-00C04F79EFBC}") = "Zadanie 1.7", "Zadanie 1.7\Zadanie 1.7.csproj", "{B9E94DB1-FB33-45DF-A4CE-3BE920C7F9DC}"
EndProject
Project("{FAE04EC0-301F-11D3-BF4B-00C04F79EFBC}") = "Zadanie 1.8", "Zadanie 1.8\Zadanie 1.8.csproj", "{B102FFDD-E025-4B34-B5BE-505B6DF7478E}"
EndProject
Project("{FAE04EC0-301F-11D3-BF4B-00C04F79EFBC}") = "Zadanie 1.9", "Zadanie 1.9\Zadanie 1.9.csproj", "{BD110C18-E5F8-4819-A368-517CAF930537}"
EndProject
Project("{FAE04EC0-301F-11D3-BF4B-00C04F79EFBC}") = "Zadanie 1.10", "Zadanie 1.10\Zadanie 1.10.csproj", "{24EF7547-FEAF-456C-A000-25E882DAC359}"
EndProject
Project("{FAE04EC0-301F-11D3-BF4B-00C04F79EFBC}") = "Zadanie 1.11", "Zadanie 1.11\Zadanie 1.11.csproj", "{19A06B87-6ED8-4EA2-9F14-5C4A30B5DC24}"
EndProject
Project("{FAE04EC0-301F-11D3-BF4B-00C04F79EFBC}") = "Zadanie 2.1", "Zadanie 2.1\Zadanie 2.1.csproj", "{04C6E87D-0F4B-4774-85DC-704F69311A56}"
EndProject
Project("{FAE04EC0-301F-11D3-BF4B-00C04F79EFBC}") = "Zadanie 2.2", "Zadanie 2.2\Zadanie 2.2.csproj", "{6B6B3D63-DF64-4F60-A977-B9A01B3A9D64}"
EndProject
Project("{FAE04EC0-301F-11D3-BF4B-00C04F79EFBC}") = "Zadanie 2.3", "Zadanie 2.3\Zadanie 2.3.csproj", "{E7C64B36-6C99-43B9-A426-16215457557E}"
EndProject
Project("{FAE04EC0-301F-11D3-BF4B-00C04F79EFBC}") = "Zadanie 2.4", "Zadanie 2.4\Zadanie 2.4.csproj", "{9830CABA-A78D-408D-BD69-0E8226D1FEA5}"
EndProject
Project("{FAE04EC0-301F-11D3-BF4B-00C04F79EFBC}") = "Zadanie 2.5", "Zadanie 2.5\Zadanie 2.5.csproj", "{719162EF-054F-4C39-844C-1BB5F6C32A83}"
EndProject
Project("{FAE04EC0-301F-11D3-BF4B-00C04F79EFBC}") = "Zadanie 2.6", "Zadanie 2.6\Zadanie 2.6.csproj", "{C1ED92BD-DBC2-461B-B59E-4E88971B89BC}"
EndProject
Project("{FAE04EC0-301F-11D3-BF4B-00C04F79EFBC}") = "Zadanie 2.7", "Zadanie 2.7\Zadanie 2.7.csproj", "{492D25C6-7572-4818-9958-84DD6B1597F2}"
EndProject
Project("{FAE04EC0-301F-11D3-BF4B-00C04F79EFBC}") = "Zadanie 2.8", "Zadanie 2.8\Zadanie 2.8.csproj", "{871EE5D2-F729-4ACF-AE01-39383FE3CE00}"
EndProject
Project("{FAE04EC0-301F-11D3-BF4B-00C04F79EFBC}") = "Zadanie 2.9", "Zadanie 2.9\Zadanie 2.9.csproj", "{442CB058-4AA8-4900-9C24-DC74C1D4FDA1}"
EndProject
Project("{FAE04EC0-301F-11D3-BF4B-00C04F79EFBC}") = "Zadanie 2.10", "Zadanie 2.10\Zadanie 2.10.csproj", "{38093D04-94B4-4A03-A5F5-893FFD380093}"
EndProject
Project("{FAE04EC0-301F-11D3-BF4B-00C04F79EFBC}") = "Zadanie 3.01", "Zadanie 3.01\Zadanie 3.01.csproj", "{04CEE365-ADC6-41B8-A4FF-BA639651CEAD}"
EndProject
Project("{FAE04EC0-301F-11D3-BF4B-00C04F79EFBC}") = "Zadanie 3.02", "Zadanie 3.02\Zadanie 3.02.csproj", "{0B81D214-B378-4FB7-8B14-15BD1373E212}"
EndProject
Project("{FAE04EC0-301F-11D3-BF4B-00C04F79EFBC}") = "Zadanie 3.03", "Zadanie 3.03\Zadanie 3.03.csproj", "{22336D61-4D82-4002-B802-082CF169544C}"
EndProject
Project("{FAE04EC0-301F-11D3-BF4B-00C04F79EFBC}") = "Zadanie 3.04", "Zadanie 3.04\Zadanie 3.04.csproj", "{84B461AA-AB52-44B3-A69C-69B483122E4B}"
EndProject
Project("{FAE04EC0-301F-11D3-BF4B-00C04F79EFBC}") = "Zadanie 3.05", "Zadanie 3.05\Zadanie 3.05.csproj", "{933961F6-D93C-4B06-8C80-0AF3C0FFFD64}"
EndProject
Project("{FAE04EC0-301F-11D3-BF4B-00C04F79EFBC}") = "Zadanie 3.06", "Zadanie 3.06\Zadanie 3.06.csproj", "{E3ACE89C-7388-43B5-91C9-D96CDAFF49E5}"
EndProject
Project("{FAE04EC0-301F-11D3-BF4B-00C04F79EFBC}") = "Zadanie 3.07", "Zadanie 3.07\Zadanie 3.07.csproj", "{EAA8D43F-EEAA-46B8-8C09-C41B929CCF65}"
EndProject
Project("{FAE04EC0-301F-11D3-BF4B-00C04F79EFBC}") = "Zadanie 3.08", "Zadanie 3.08\Zadanie 3.08.csproj", "{E83F7C6A-6E60-487D-8C0C-1927E08B85A7}"
EndProject
Project("{FAE04EC0-301F-11D3-BF4B-00C04F79EFBC}") = "Zadanie 3.09", "Zadanie 3.09\Zadanie 3.09.csproj", "{C76BA160-DF8E-4BAE-83E8-D770F521944B}"
EndProject
Project("{FAE04EC0-301F-11D3-BF4B-00C04F79EFBC}") = "Zadanie 3.10", "Zadanie 3.10\Zadanie 3.10.csproj", "{7DD5B984-1F94-45DD-9702-8C9D21432718}"
EndProject
Project("{FAE04EC0-301F-11D3-BF4B-00C04F79EFBC}") = "Zadanie 4.01", "Zadanie 4.01\Zadanie 4.01.csproj", "{6B2B870C-BD88-4BB8-855B-04E23CC746CD}"
EndProject
Project("{FAE04EC0-301F-11D3-BF4B-00C04F79EFBC}") = "Zadanie 4.02", "Zadanie 4.02\Zadanie 4.02.csproj", "{B86CD775-6F9D-4C01-B109-C997F4E4E05E}"
EndProject
Project("{FAE04EC0-301F-11D3-BF4B-00C04F79EFBC}") = "Zadanie 4.03", "Zadanie 4.03\Zadanie 4.03.csproj", "{45AEC860-96FD-4331-A3E0-83F4F532F374}"
EndProject
Project("{FAE04EC0-301F-11D3-BF4B-00C04F79EFBC}") = "Zadanie 4.04", "Zadanie 4.04\Zadanie 4.04.csproj", "{D63E23FB-FDB8-4BBD-A51E-13EEC0897679}"
EndProject
Project("{FAE04EC0-301F-11D3-BF4B-00C04F79EFBC}") = "Zadanie 4.05", "Zadanie 4.05\Zadanie 4.05.csproj", "{C6AFBAE0-CF3F-4B09-B24A-94F18FAB080E}"
EndProject
Project("{FAE04EC0-301F-11D3-BF4B-00C04F79EFBC}") = "Zadanie 4.06", "Zadanie 4.06\Zadanie 4.06.csproj", "{06CE8472-DDB2-4EDD-9DDC-3B9D45EF563F}"
EndProject
Project("{FAE04EC0-301F-11D3-BF4B-00C04F79EFBC}") = "Zadanie 4.07", "Zadanie 4.07\Zadanie 4.07.csproj", "{364CE01E-7903-44BF-880D-1D487E2F8DB9}"
EndProject
Project("{FAE04EC0-301F-11D3-BF4B-00C04F79EFBC}") = "Zadanie 4.08", "Zadanie 4.08\Zadanie 4.08.csproj", "{EAF25532-13BF-4937-BC85-7F4B8C636925}"
EndProject
Project("{FAE04EC0-301F-11D3-BF4B-00C04F79EFBC}") = "Zadanie 4.09", "Zadanie 4.09\Zadanie 4.09.csproj", "{E04053EA-8324-45EB-A9E1-CE5F363EE07B}"
EndProject
Project("{FAE04EC0-301F-11D3-BF4B-00C04F79EFBC}") = "Zadanie 4.10", "Zadanie 4.10\Zadanie 4.10.csproj", "{28FF24C4-3A6F-43B0-82BF-A275D8369BCC}"
EndProject
Project("{FAE04EC0-301F-11D3-BF4B-00C04F79EFBC}") = "Zadanie 4.11", "Zadanie 4.11\Zadanie 4.11.csproj", "{22FA82E0-8A9E-41AF-A42C-3F157FB9370C}"
EndProject
Project("{FAE04EC0-301F-11D3-BF4B-00C04F79EFBC}") = "Zadanie 5.1", "Zadanie 5.1\Zadanie 5.1.csproj", "{8E62E6D6-1245-42E9-BC9C-692CBB10C295}"
EndProject
Project("{FAE04EC0-301F-11D3-BF4B-00C04F79EFBC}") = "Zadanie 5.2", "Zadanie 5.2\Zadanie 5.2.csproj", "{7AAD3791-26F0-4B4C-80DA-045709B879BA}"
EndProject
Project("{FAE04EC0-301F-11D3-BF4B-00C04F79EFBC}") = "Zadanie 5.3", "Zadanie 5.3\Zadanie 5.3.csproj", "{C560EE1F-3200-43EE-8394-CB41C7F45B62}"
EndProject
Project("{FAE04EC0-301F-11D3-BF4B-00C04F79EFBC}") = "Zadanie 5.4", "Zadanie 5.4\Zadanie 5.4.csproj", "{03C94BB1-31CD-4D50-8AEB-0C3F1F820D21}"
EndProject
Project("{FAE04EC0-301F-11D3-BF4B-00C04F79EFBC}") = "Zadanie 5.5", "Zadanie 5.5\Zadanie 5.5.csproj", "{FDF7CF3C-0E00-4946-BA1D-D831C5532378}"
EndProject
Project("{FAE04EC0-301F-11D3-BF4B-00C04F79EFBC}") = "Zadanie 5.6", "Zadanie 5.6\Zadanie 5.6.csproj", "{DC21976E-1444-46B9-8205-1BA17C61DD65}"
EndProject
Project("{FAE04EC0-301F-11D3-BF4B-00C04F79EFBC}") = "Zadanie 5.7", "Zadanie 5.7\Zadanie 5.7.csproj", "{855F50B0-566E-4766-BFEB-F6E66349B7CB}"
EndProject
Project("{FAE04EC0-301F-11D3-BF4B-00C04F79EFBC}") = "Zadanie 5.8", "Zadanie 5.8\Zadanie 5.8.csproj", "{B58E25B1-9251-4A8F-86ED-90F183D923C7}"
EndProject
Project("{FAE04EC0-301F-11D3-BF4B-00C04F79EFBC}") = "Zadanie 6.01", "Zadanie 6.01\Zadanie 6.01.csproj", "{AFF4AEA0-AA2B-478C-AC5E-A41C6E926D9E}"
EndProject
Project("{FAE04EC0-301F-11D3-BF4B-00C04F79EFBC}") = "Zadanie 6.02", "Zadanie 6.02\Zadanie 6.02.csproj", "{817A4649-E30E-4932-B2ED-B46663010B6D}"
EndProject
Project("{FAE04EC0-301F-11D3-BF4B-00C04F79EFBC}") = "Zadanie 6.03", "Zadanie 6.03\Zadanie 6.03.csproj", "{77501C12-8B5F-464B-AC97-FE02965CC269}"
EndProject
Project("{FAE04EC0-301F-11D3-BF4B-00C04F79EFBC}") = "Zadanie 6.04", "Zadanie 6.04\Zadanie 6.04.csproj", "{A9F38443-71E7-41DA-BFFE-ED723B89462D}"
EndProject
Project("{FAE04EC0-301F-11D3-BF4B-00C04F79EFBC}") = "Zadanie 6.05", "Zadanie 6.05\Zadanie 6.05.csproj", "{0C921A90-6F4C-441B-AA2F-F943392FB514}"
EndProject
Project("{FAE04EC0-301F-11D3-BF4B-00C04F79EFBC}") = "Zadanie 6.06", "Zadanie 6.06\Zadanie 6.06.csproj", "{ED3729EB-53CE-4515-B4A4-55AAA1C6EB09}"
EndProject
Project("{FAE04EC0-301F-11D3-BF4B-00C04F79EFBC}") = "Zadanie 6.07", "Zadanie 6.07\Zadanie 6.07.csproj", "{E9D92354-CA2B-4D69-93AB-4FF8731418BE}"
EndProject
Project("{FAE04EC0-301F-11D3-BF4B-00C04F79EFBC}") = "Zadanie 6.08", "Zadanie 6.08\Zadanie 6.08.csproj", "{EB552A82-F397-46D2-8073-88591AD9156D}"
EndProject
Project("{FAE04EC0-301F-11D3-BF4B-00C04F79EFBC}") = "Zadanie 6.09", "Zadanie 6.09\Zadanie 6.09.csproj", "{4154DF4A-2596-4808-B54E-A6877CE26E8F}"
EndProject
Project("{FAE04EC0-301F-11D3-BF4B-00C04F79EFBC}") = "Zadanie 6.10", "Zadanie 6.10\Zadanie 6.10.csproj", "{88FCB927-82FF-4FCA-8016-DA6C0A6180A6}"
EndProject
Project("{FAE04EC0-301F-11D3-BF4B-00C04F79EFBC}") = "Zadanie 6.11", "Zadanie 6.11\Zadanie 6.11.csproj", "{E5B554A5-F86B-4678-A61F-D28A98BDEECF}"
EndProject
Project("{FAE04EC0-301F-11D3-BF4B-00C04F79EFBC}") = "Zadanie 6.12", "Zadanie 6.12\Zadanie 6.12.csproj", "{5BECEF54-773A-49D8-A907-D7224CDD48B0}"
EndProject
Project("{FAE04EC0-301F-11D3-BF4B-00C04F79EFBC}") = "Zadanie 7.01", "Zadanie 7.01\Zadanie 7.01.csproj", "{F09B903E-7EB7-4857-87D4-DC155E03C64C}"
EndProject
Project("{FAE04EC0-301F-11D3-BF4B-00C04F79EFBC}") = "Zadanie 7.02", "Zadanie 7.02\Zadanie 7.02.csproj", "{C5791A0F-2AD4-4889-A9FB-09CB1B0CC8A1}"
EndProject
Project("{FAE04EC0-301F-11D3-BF4B-00C04F79EFBC}") = "Zadanie 7.03", "Zadanie 7.03\Zadanie 7.03.csproj", "{3572D1E2-4B59-4F4F-BDC9-33E5DE7F6493}"
EndProject
Project("{FAE04EC0-301F-11D3-BF4B-00C04F79EFBC}") = "Zadanie 7.04", "Zadanie 7.04\Zadanie 7.04.csproj", "{312164F8-ED3F-4A0E-A200-CDBD0B021236}"
EndProject
Project("{FAE04EC0-301F-11D3-BF4B-00C04F79EFBC}") = "Zadanie 7.05", "Zadanie 7.05\Zadanie 7.05.csproj", "{E7EDA087-96CE-4DE9-8793-BD2BFDB4BDB2}"
EndProject
Project("{FAE04EC0-301F-11D3-BF4B-00C04F79EFBC}") = "Zadanie 7.06", "Zadanie 7.06\Zadanie 7.06.csproj", "{9A15C697-9D71-49D8-946D-9130BB6F3B5E}"
EndProject
Project("{FAE04EC0-301F-11D3-BF4B-00C04F79EFBC}") = "Zadanie 7.07", "Zadanie 7.07\Zadanie 7.07.csproj", "{9C6D5CAD-A295-43EA-9DCC-59A6BF16E7FE}"
EndProject
Project("{FAE04EC0-301F-11D3-BF4B-00C04F79EFBC}") = "Zadanie 7.08", "Zadanie 7.08\Zadanie 7.08.csproj", "{167EEBB4-8E0D-4660-AE0B-FB45DD6143EE}"
EndProject
Project("{FAE04EC0-301F-11D3-BF4B-00C04F79EFBC}") = "Zadanie 7.09", "Zadanie 7.09\Zadanie 7.09.csproj", "{16B4AD60-8BB8-472D-8E14-E1A33AB58BFB}"
EndProject
Project("{FAE04EC0-301F-11D3-BF4B-00C04F79EFBC}") = "Zadanie 7.10", "Zadanie 7.10\Zadanie 7.10.csproj", "{276758B1-2E9F-42BC-A5C5-9C86A4E3739D}"
EndProject
Project("{FAE04EC0-301F-11D3-BF4B-00C04F79EFBC}") = "Zadanie 7.11", "Zadanie 7.11\Zadanie 7.11.csproj", "{DF2B0094-FCED-458C-9EA4-B09688252A9A}"
EndProject
Project("{FAE04EC0-301F-11D3-BF4B-00C04F79EFBC}") = "Zadanie 7.12", "Zadanie 7.12\Zadanie 7.12.csproj", "{884E7D10-1883-4E75-9A5F-1147A59A7C75}"
EndProject
Project("{FAE04EC0-301F-11D3-BF4B-00C04F79EFBC}") = "Zadanie 7.13", "Zadanie 7.13\Zadanie 7.13.csproj", "{915D1CE6-5970-43B7-A994-0C590A1D60C3}"
EndProject
Project("{FAE04EC0-301F-11D3-BF4B-00C04F79EFBC}") = "Zadanie 7.14", "Zadanie 7.14\Zadanie 7.14.csproj", "{9FC0E46C-EF3A-46B1-AB80-7F40DC19E7D0}"
EndProject
Global
	GlobalSection(SolutionConfigurationPlatforms) = preSolution
		Debug|Any CPU = Debug|Any CPU
		Release|Any CPU = Release|Any CPU
	EndGlobalSection
	GlobalSection(ProjectConfigurationPlatforms) = postSolution
		{665CCDAD-33D5-4644-BE07-2133DDC77041}.Debug|Any CPU.ActiveCfg = Debug|Any CPU
		{665CCDAD-33D5-4644-BE07-2133DDC77041}.Debug|Any CPU.Build.0 = Debug|Any CPU
		{665CCDAD-33D5-4644-BE07-2133DDC77041}.Release|Any CPU.ActiveCfg = Release|Any CPU
		{665CCDAD-33D5-4644-BE07-2133DDC77041}.Release|Any CPU.Build.0 = Release|Any CPU
		{7A23CC8A-035D-4130-ABA5-A90876940C8E}.Debug|Any CPU.ActiveCfg = Debug|Any CPU
		{7A23CC8A-035D-4130-ABA5-A90876940C8E}.Debug|Any CPU.Build.0 = Debug|Any CPU
		{7A23CC8A-035D-4130-ABA5-A90876940C8E}.Release|Any CPU.ActiveCfg = Release|Any CPU
		{7A23CC8A-035D-4130-ABA5-A90876940C8E}.Release|Any CPU.Build.0 = Release|Any CPU
		{7C0672ED-771A-4627-A2B2-2C2F553C3D98}.Debug|Any CPU.ActiveCfg = Debug|Any CPU
		{7C0672ED-771A-4627-A2B2-2C2F553C3D98}.Debug|Any CPU.Build.0 = Debug|Any CPU
		{7C0672ED-771A-4627-A2B2-2C2F553C3D98}.Release|Any CPU.ActiveCfg = Release|Any CPU
		{7C0672ED-771A-4627-A2B2-2C2F553C3D98}.Release|Any CPU.Build.0 = Release|Any CPU
		{15C74EF1-7EAA-4F01-9BB6-6148759748B0}.Debug|Any CPU.ActiveCfg = Debug|Any CPU
		{15C74EF1-7EAA-4F01-9BB6-6148759748B0}.Debug|Any CPU.Build.0 = Debug|Any CPU
		{15C74EF1-7EAA-4F01-9BB6-6148759748B0}.Release|Any CPU.ActiveCfg = Release|Any CPU
		{15C74EF1-7EAA-4F01-9BB6-6148759748B0}.Release|Any CPU.Build.0 = Release|Any CPU
		{BE6E4110-E6C7-4B11-8622-F1A5387B895F}.Debug|Any CPU.ActiveCfg = Debug|Any CPU
		{BE6E4110-E6C7-4B11-8622-F1A5387B895F}.Debug|Any CPU.Build.0 = Debug|Any CPU
		{BE6E4110-E6C7-4B11-8622-F1A5387B895F}.Release|Any CPU.ActiveCfg = Release|Any CPU
		{BE6E4110-E6C7-4B11-8622-F1A5387B895F}.Release|Any CPU.Build.0 = Release|Any CPU
		{A7CF75B2-D5B8-49A4-A361-E9E5FC6A136D}.Debug|Any CPU.ActiveCfg = Debug|Any CPU
		{A7CF75B2-D5B8-49A4-A361-E9E5FC6A136D}.Debug|Any CPU.Build.0 = Debug|Any CPU
		{A7CF75B2-D5B8-49A4-A361-E9E5FC6A136D}.Release|Any CPU.ActiveCfg = Release|Any CPU
		{A7CF75B2-D5B8-49A4-A361-E9E5FC6A136D}.Release|Any CPU.Build.0 = Release|Any CPU
		{B9E94DB1-FB33-45DF-A4CE-3BE920C7F9DC}.Debug|Any CPU.ActiveCfg = Debug|Any CPU
		{B9E94DB1-FB33-45DF-A4CE-3BE920C7F9DC}.Debug|Any CPU.Build.0 = Debug|Any CPU
		{B9E94DB1-FB33-45DF-A4CE-3BE920C7F9DC}.Release|Any CPU.ActiveCfg = Release|Any CPU
		{B9E94DB1-FB33-45DF-A4CE-3BE920C7F9DC}.Release|Any CPU.Build.0 = Release|Any CPU
		{B102FFDD-E025-4B34-B5BE-505B6DF7478E}.Debug|Any CPU.ActiveCfg = Debug|Any CPU
		{B102FFDD-E025-4B34-B5BE-505B6DF7478E}.Debug|Any CPU.Build.0 = Debug|Any CPU
		{B102FFDD-E025-4B34-B5BE-505B6DF7478E}.Release|Any CPU.ActiveCfg = Release|Any CPU
		{B102FFDD-E025-4B34-B5BE-505B6DF7478E}.Release|Any CPU.Build.0 = Release|Any CPU
		{BD110C18-E5F8-4819-A368-517CAF930537}.Debug|Any CPU.ActiveCfg = Debug|Any CPU
		{BD110C18-E5F8-4819-A368-517CAF930537}.Debug|Any CPU.Build.0 = Debug|Any CPU
		{BD110C18-E5F8-4819-A368-517CAF930537}.Release|Any CPU.ActiveCfg = Release|Any CPU
		{BD110C18-E5F8-4819-A368-517CAF930537}.Release|Any CPU.Build.0 = Release|Any CPU
		{24EF7547-FEAF-456C-A000-25E882DAC359}.Debug|Any CPU.ActiveCfg = Debug|Any CPU
		{24EF7547-FEAF-456C-A000-25E882DAC359}.Debug|Any CPU.Build.0 = Debug|Any CPU
		{24EF7547-FEAF-456C-A000-25E882DAC359}.Release|Any CPU.ActiveCfg = Release|Any CPU
		{24EF7547-FEAF-456C-A000-25E882DAC359}.Release|Any CPU.Build.0 = Release|Any CPU
		{19A06B87-6ED8-4EA2-9F14-5C4A30B5DC24}.Debug|Any CPU.ActiveCfg = Debug|Any CPU
		{19A06B87-6ED8-4EA2-9F14-5C4A30B5DC24}.Debug|Any CPU.Build.0 = Debug|Any CPU
		{19A06B87-6ED8-4EA2-9F14-5C4A30B5DC24}.Release|Any CPU.ActiveCfg = Release|Any CPU
		{19A06B87-6ED8-4EA2-9F14-5C4A30B5DC24}.Release|Any CPU.Build.0 = Release|Any CPU
		{04C6E87D-0F4B-4774-85DC-704F69311A56}.Debug|Any CPU.ActiveCfg = Debug|Any CPU
		{04C6E87D-0F4B-4774-85DC-704F69311A56}.Debug|Any CPU.Build.0 = Debug|Any CPU
		{04C6E87D-0F4B-4774-85DC-704F69311A56}.Release|Any CPU.ActiveCfg = Release|Any CPU
		{04C6E87D-0F4B-4774-85DC-704F69311A56}.Release|Any CPU.Build.0 = Release|Any CPU
		{6B6B3D63-DF64-4F60-A977-B9A01B3A9D64}.Debug|Any CPU.ActiveCfg = Debug|Any CPU
		{6B6B3D63-DF64-4F60-A977-B9A01B3A9D64}.Debug|Any CPU.Build.0 = Debug|Any CPU
		{6B6B3D63-DF64-4F60-A977-B9A01B3A9D64}.Release|Any CPU.ActiveCfg = Release|Any CPU
		{6B6B3D63-DF64-4F60-A977-B9A01B3A9D64}.Release|Any CPU.Build.0 = Release|Any CPU
		{E7C64B36-6C99-43B9-A426-16215457557E}.Debug|Any CPU.ActiveCfg = Debug|Any CPU
		{E7C64B36-6C99-43B9-A426-16215457557E}.Debug|Any CPU.Build.0 = Debug|Any CPU
		{E7C64B36-6C99-43B9-A426-16215457557E}.Release|Any CPU.ActiveCfg = Release|Any CPU
		{E7C64B36-6C99-43B9-A426-16215457557E}.Release|Any CPU.Build.0 = Release|Any CPU
		{9830CABA-A78D-408D-BD69-0E8226D1FEA5}.Debug|Any CPU.ActiveCfg = Debug|Any CPU
		{9830CABA-A78D-408D-BD69-0E8226D1FEA5}.Debug|Any CPU.Build.0 = Debug|Any CPU
		{9830CABA-A78D-408D-BD69-0E8226D1FEA5}.Release|Any CPU.ActiveCfg = Release|Any CPU
		{9830CABA-A78D-408D-BD69-0E8226D1FEA5}.Release|Any CPU.Build.0 = Release|Any CPU
		{719162EF-054F-4C39-844C-1BB5F6C32A83}.Debug|Any CPU.ActiveCfg = Debug|Any CPU
		{719162EF-054F-4C39-844C-1BB5F6C32A83}.Debug|Any CPU.Build.0 = Debug|Any CPU
		{719162EF-054F-4C39-844C-1BB5F6C32A83}.Release|Any CPU.ActiveCfg = Release|Any CPU
		{719162EF-054F-4C39-844C-1BB5F6C32A83}.Release|Any CPU.Build.0 = Release|Any CPU
		{C1ED92BD-DBC2-461B-B59E-4E88971B89BC}.Debug|Any CPU.ActiveCfg = Debug|Any CPU
		{C1ED92BD-DBC2-461B-B59E-4E88971B89BC}.Debug|Any CPU.Build.0 = Debug|Any CPU
		{C1ED92BD-DBC2-461B-B59E-4E88971B89BC}.Release|Any CPU.ActiveCfg = Release|Any CPU
		{C1ED92BD-DBC2-461B-B59E-4E88971B89BC}.Release|Any CPU.Build.0 = Release|Any CPU
		{492D25C6-7572-4818-9958-84DD6B1597F2}.Debug|Any CPU.ActiveCfg = Debug|Any CPU
		{492D25C6-7572-4818-9958-84DD6B1597F2}.Debug|Any CPU.Build.0 = Debug|Any CPU
		{492D25C6-7572-4818-9958-84DD6B1597F2}.Release|Any CPU.ActiveCfg = Release|Any CPU
		{492D25C6-7572-4818-9958-84DD6B1597F2}.Release|Any CPU.Build.0 = Release|Any CPU
		{871EE5D2-F729-4ACF-AE01-39383FE3CE00}.Debug|Any CPU.ActiveCfg = Debug|Any CPU
		{871EE5D2-F729-4ACF-AE01-39383FE3CE00}.Debug|Any CPU.Build.0 = Debug|Any CPU
		{871EE5D2-F729-4ACF-AE01-39383FE3CE00}.Release|Any CPU.ActiveCfg = Release|Any CPU
		{871EE5D2-F729-4ACF-AE01-39383FE3CE00}.Release|Any CPU.Build.0 = Release|Any CPU
		{442CB058-4AA8-4900-9C24-DC74C1D4FDA1}.Debug|Any CPU.ActiveCfg = Debug|Any CPU
		{442CB058-4AA8-4900-9C24-DC74C1D4FDA1}.Debug|Any CPU.Build.0 = Debug|Any CPU
		{442CB058-4AA8-4900-9C24-DC74C1D4FDA1}.Release|Any CPU.ActiveCfg = Release|Any CPU
		{442CB058-4AA8-4900-9C24-DC74C1D4FDA1}.Release|Any CPU.Build.0 = Release|Any CPU
		{38093D04-94B4-4A03-A5F5-893FFD380093}.Debug|Any CPU.ActiveCfg = Debug|Any CPU
		{38093D04-94B4-4A03-A5F5-893FFD380093}.Debug|Any CPU.Build.0 = Debug|Any CPU
		{38093D04-94B4-4A03-A5F5-893FFD380093}.Release|Any CPU.ActiveCfg = Release|Any CPU
		{38093D04-94B4-4A03-A5F5-893FFD380093}.Release|Any CPU.Build.0 = Release|Any CPU
		{04CEE365-ADC6-41B8-A4FF-BA639651CEAD}.Debug|Any CPU.ActiveCfg = Debug|Any CPU
		{04CEE365-ADC6-41B8-A4FF-BA639651CEAD}.Debug|Any CPU.Build.0 = Debug|Any CPU
		{04CEE365-ADC6-41B8-A4FF-BA639651CEAD}.Release|Any CPU.ActiveCfg = Release|Any CPU
		{04CEE365-ADC6-41B8-A4FF-BA639651CEAD}.Release|Any CPU.Build.0 = Release|Any CPU
		{0B81D214-B378-4FB7-8B14-15BD1373E212}.Debug|Any CPU.ActiveCfg = Debug|Any CPU
		{0B81D214-B378-4FB7-8B14-15BD1373E212}.Debug|Any CPU.Build.0 = Debug|Any CPU
		{0B81D214-B378-4FB7-8B14-15BD1373E212}.Release|Any CPU.ActiveCfg = Release|Any CPU
		{0B81D214-B378-4FB7-8B14-15BD1373E212}.Release|Any CPU.Build.0 = Release|Any CPU
		{22336D61-4D82-4002-B802-082CF169544C}.Debug|Any CPU.ActiveCfg = Debug|Any CPU
		{22336D61-4D82-4002-B802-082CF169544C}.Debug|Any CPU.Build.0 = Debug|Any CPU
		{22336D61-4D82-4002-B802-082CF169544C}.Release|Any CPU.ActiveCfg = Release|Any CPU
		{22336D61-4D82-4002-B802-082CF169544C}.Release|Any CPU.Build.0 = Release|Any CPU
		{84B461AA-AB52-44B3-A69C-69B483122E4B}.Debug|Any CPU.ActiveCfg = Debug|Any CPU
		{84B461AA-AB52-44B3-A69C-69B483122E4B}.Debug|Any CPU.Build.0 = Debug|Any CPU
		{84B461AA-AB52-44B3-A69C-69B483122E4B}.Release|Any CPU.ActiveCfg = Release|Any CPU
		{84B461AA-AB52-44B3-A69C-69B483122E4B}.Release|Any CPU.Build.0 = Release|Any CPU
		{933961F6-D93C-4B06-8C80-0AF3C0FFFD64}.Debug|Any CPU.ActiveCfg = Debug|Any CPU
		{933961F6-D93C-4B06-8C80-0AF3C0FFFD64}.Debug|Any CPU.Build.0 = Debug|Any CPU
		{933961F6-D93C-4B06-8C80-0AF3C0FFFD64}.Release|Any CPU.ActiveCfg = Release|Any CPU
		{933961F6-D93C-4B06-8C80-0AF3C0FFFD64}.Release|Any CPU.Build.0 = Release|Any CPU
		{E3ACE89C-7388-43B5-91C9-D96CDAFF49E5}.Debug|Any CPU.ActiveCfg = Debug|Any CPU
		{E3ACE89C-7388-43B5-91C9-D96CDAFF49E5}.Debug|Any CPU.Build.0 = Debug|Any CPU
		{E3ACE89C-7388-43B5-91C9-D96CDAFF49E5}.Release|Any CPU.ActiveCfg = Release|Any CPU
		{E3ACE89C-7388-43B5-91C9-D96CDAFF49E5}.Release|Any CPU.Build.0 = Release|Any CPU
		{EAA8D43F-EEAA-46B8-8C09-C41B929CCF65}.Debug|Any CPU.ActiveCfg = Debug|Any CPU
		{EAA8D43F-EEAA-46B8-8C09-C41B929CCF65}.Debug|Any CPU.Build.0 = Debug|Any CPU
		{EAA8D43F-EEAA-46B8-8C09-C41B929CCF65}.Release|Any CPU.ActiveCfg = Release|Any CPU
		{EAA8D43F-EEAA-46B8-8C09-C41B929CCF65}.Release|Any CPU.Build.0 = Release|Any CPU
		{E83F7C6A-6E60-487D-8C0C-1927E08B85A7}.Debug|Any CPU.ActiveCfg = Debug|Any CPU
		{E83F7C6A-6E60-487D-8C0C-1927E08B85A7}.Debug|Any CPU.Build.0 = Debug|Any CPU
		{E83F7C6A-6E60-487D-8C0C-1927E08B85A7}.Release|Any CPU.ActiveCfg = Release|Any CPU
		{E83F7C6A-6E60-487D-8C0C-1927E08B85A7}.Release|Any CPU.Build.0 = Release|Any CPU
		{C76BA160-DF8E-4BAE-83E8-D770F521944B}.Debug|Any CPU.ActiveCfg = Debug|Any CPU
		{C76BA160-DF8E-4BAE-83E8-D770F521944B}.Debug|Any CPU.Build.0 = Debug|Any CPU
		{C76BA160-DF8E-4BAE-83E8-D770F521944B}.Release|Any CPU.ActiveCfg = Release|Any CPU
		{C76BA160-DF8E-4BAE-83E8-D770F521944B}.Release|Any CPU.Build.0 = Release|Any CPU
		{7DD5B984-1F94-45DD-9702-8C9D21432718}.Debug|Any CPU.ActiveCfg = Debug|Any CPU
		{7DD5B984-1F94-45DD-9702-8C9D21432718}.Debug|Any CPU.Build.0 = Debug|Any CPU
		{7DD5B984-1F94-45DD-9702-8C9D21432718}.Release|Any CPU.ActiveCfg = Release|Any CPU
		{7DD5B984-1F94-45DD-9702-8C9D21432718}.Release|Any CPU.Build.0 = Release|Any CPU
		{6B2B870C-BD88-4BB8-855B-04E23CC746CD}.Debug|Any CPU.ActiveCfg = Debug|Any CPU
		{6B2B870C-BD88-4BB8-855B-04E23CC746CD}.Debug|Any CPU.Build.0 = Debug|Any CPU
		{6B2B870C-BD88-4BB8-855B-04E23CC746CD}.Release|Any CPU.ActiveCfg = Release|Any CPU
		{6B2B870C-BD88-4BB8-855B-04E23CC746CD}.Release|Any CPU.Build.0 = Release|Any CPU
		{B86CD775-6F9D-4C01-B109-C997F4E4E05E}.Debug|Any CPU.ActiveCfg = Debug|Any CPU
		{B86CD775-6F9D-4C01-B109-C997F4E4E05E}.Debug|Any CPU.Build.0 = Debug|Any CPU
		{B86CD775-6F9D-4C01-B109-C997F4E4E05E}.Release|Any CPU.ActiveCfg = Release|Any CPU
		{B86CD775-6F9D-4C01-B109-C997F4E4E05E}.Release|Any CPU.Build.0 = Release|Any CPU
		{45AEC860-96FD-4331-A3E0-83F4F532F374}.Debug|Any CPU.ActiveCfg = Debug|Any CPU
		{45AEC860-96FD-4331-A3E0-83F4F532F374}.Debug|Any CPU.Build.0 = Debug|Any CPU
		{45AEC860-96FD-4331-A3E0-83F4F532F374}.Release|Any CPU.ActiveCfg = Release|Any CPU
		{45AEC860-96FD-4331-A3E0-83F4F532F374}.Release|Any CPU.Build.0 = Release|Any CPU
		{D63E23FB-FDB8-4BBD-A51E-13EEC0897679}.Debug|Any CPU.ActiveCfg = Debug|Any CPU
		{D63E23FB-FDB8-4BBD-A51E-13EEC0897679}.Debug|Any CPU.Build.0 = Debug|Any CPU
		{D63E23FB-FDB8-4BBD-A51E-13EEC0897679}.Release|Any CPU.ActiveCfg = Release|Any CPU
		{D63E23FB-FDB8-4BBD-A51E-13EEC0897679}.Release|Any CPU.Build.0 = Release|Any CPU
		{C6AFBAE0-CF3F-4B09-B24A-94F18FAB080E}.Debug|Any CPU.ActiveCfg = Debug|Any CPU
		{C6AFBAE0-CF3F-4B09-B24A-94F18FAB080E}.Debug|Any CPU.Build.0 = Debug|Any CPU
		{C6AFBAE0-CF3F-4B09-B24A-94F18FAB080E}.Release|Any CPU.ActiveCfg = Release|Any CPU
		{C6AFBAE0-CF3F-4B09-B24A-94F18FAB080E}.Release|Any CPU.Build.0 = Release|Any CPU
		{06CE8472-DDB2-4EDD-9DDC-3B9D45EF563F}.Debug|Any CPU.ActiveCfg = Debug|Any CPU
		{06CE8472-DDB2-4EDD-9DDC-3B9D45EF563F}.Debug|Any CPU.Build.0 = Debug|Any CPU
		{06CE8472-DDB2-4EDD-9DDC-3B9D45EF563F}.Release|Any CPU.ActiveCfg = Release|Any CPU
		{06CE8472-DDB2-4EDD-9DDC-3B9D45EF563F}.Release|Any CPU.Build.0 = Release|Any CPU
		{364CE01E-7903-44BF-880D-1D487E2F8DB9}.Debug|Any CPU.ActiveCfg = Debug|Any CPU
		{364CE01E-7903-44BF-880D-1D487E2F8DB9}.Debug|Any CPU.Build.0 = Debug|Any CPU
		{364CE01E-7903-44BF-880D-1D487E2F8DB9}.Release|Any CPU.ActiveCfg = Release|Any CPU
		{364CE01E-7903-44BF-880D-1D487E2F8DB9}.Release|Any CPU.Build.0 = Release|Any CPU
		{EAF25532-13BF-4937-BC85-7F4B8C636925}.Debug|Any CPU.ActiveCfg = Debug|Any CPU
		{EAF25532-13BF-4937-BC85-7F4B8C636925}.Debug|Any CPU.Build.0 = Debug|Any CPU
		{EAF25532-13BF-4937-BC85-7F4B8C636925}.Release|Any CPU.ActiveCfg = Release|Any CPU
		{EAF25532-13BF-4937-BC85-7F4B8C636925}.Release|Any CPU.Build.0 = Release|Any CPU
		{E04053EA-8324-45EB-A9E1-CE5F363EE07B}.Debug|Any CPU.ActiveCfg = Debug|Any CPU
		{E04053EA-8324-45EB-A9E1-CE5F363EE07B}.Debug|Any CPU.Build.0 = Debug|Any CPU
		{E04053EA-8324-45EB-A9E1-CE5F363EE07B}.Release|Any CPU.ActiveCfg = Release|Any CPU
		{E04053EA-8324-45EB-A9E1-CE5F363EE07B}.Release|Any CPU.Build.0 = Release|Any CPU
		{28FF24C4-3A6F-43B0-82BF-A275D8369BCC}.Debug|Any CPU.ActiveCfg = Debug|Any CPU
		{28FF24C4-3A6F-43B0-82BF-A275D8369BCC}.Debug|Any CPU.Build.0 = Debug|Any CPU
		{28FF24C4-3A6F-43B0-82BF-A275D8369BCC}.Release|Any CPU.ActiveCfg = Release|Any CPU
		{28FF24C4-3A6F-43B0-82BF-A275D8369BCC}.Release|Any CPU.Build.0 = Release|Any CPU
		{22FA82E0-8A9E-41AF-A42C-3F157FB9370C}.Debug|Any CPU.ActiveCfg = Debug|Any CPU
		{22FA82E0-8A9E-41AF-A42C-3F157FB9370C}.Debug|Any CPU.Build.0 = Debug|Any CPU
		{22FA82E0-8A9E-41AF-A42C-3F157FB9370C}.Release|Any CPU.ActiveCfg = Release|Any CPU
		{22FA82E0-8A9E-41AF-A42C-3F157FB9370C}.Release|Any CPU.Build.0 = Release|Any CPU
		{8E62E6D6-1245-42E9-BC9C-692CBB10C295}.Debug|Any CPU.ActiveCfg = Debug|Any CPU
		{8E62E6D6-1245-42E9-BC9C-692CBB10C295}.Debug|Any CPU.Build.0 = Debug|Any CPU
		{8E62E6D6-1245-42E9-BC9C-692CBB10C295}.Release|Any CPU.ActiveCfg = Release|Any CPU
		{8E62E6D6-1245-42E9-BC9C-692CBB10C295}.Release|Any CPU.Build.0 = Release|Any CPU
		{7AAD3791-26F0-4B4C-80DA-045709B879BA}.Debug|Any CPU.ActiveCfg = Debug|Any CPU
		{7AAD3791-26F0-4B4C-80DA-045709B879BA}.Debug|Any CPU.Build.0 = Debug|Any CPU
		{7AAD3791-26F0-4B4C-80DA-045709B879BA}.Release|Any CPU.ActiveCfg = Release|Any CPU
		{7AAD3791-26F0-4B4C-80DA-045709B879BA}.Release|Any CPU.Build.0 = Release|Any CPU
		{C560EE1F-3200-43EE-8394-CB41C7F45B62}.Debug|Any CPU.ActiveCfg = Debug|Any CPU
		{C560EE1F-3200-43EE-8394-CB41C7F45B62}.Debug|Any CPU.Build.0 = Debug|Any CPU
		{C560EE1F-3200-43EE-8394-CB41C7F45B62}.Release|Any CPU.ActiveCfg = Release|Any CPU
		{C560EE1F-3200-43EE-8394-CB41C7F45B62}.Release|Any CPU.Build.0 = Release|Any CPU
		{03C94BB1-31CD-4D50-8AEB-0C3F1F820D21}.Debug|Any CPU.ActiveCfg = Debug|Any CPU
		{03C94BB1-31CD-4D50-8AEB-0C3F1F820D21}.Debug|Any CPU.Build.0 = Debug|Any CPU
		{03C94BB1-31CD-4D50-8AEB-0C3F1F820D21}.Release|Any CPU.ActiveCfg = Release|Any CPU
		{03C94BB1-31CD-4D50-8AEB-0C3F1F820D21}.Release|Any CPU.Build.0 = Release|Any CPU
		{FDF7CF3C-0E00-4946-BA1D-D831C5532378}.Debug|Any CPU.ActiveCfg = Debug|Any CPU
		{FDF7CF3C-0E00-4946-BA1D-D831C5532378}.Debug|Any CPU.Build.0 = Debug|Any CPU
		{FDF7CF3C-0E00-4946-BA1D-D831C5532378}.Release|Any CPU.ActiveCfg = Release|Any CPU
		{FDF7CF3C-0E00-4946-BA1D-D831C5532378}.Release|Any CPU.Build.0 = Release|Any CPU
		{DC21976E-1444-46B9-8205-1BA17C61DD65}.Debug|Any CPU.ActiveCfg = Debug|Any CPU
		{DC21976E-1444-46B9-8205-1BA17C61DD65}.Debug|Any CPU.Build.0 = Debug|Any CPU
		{DC21976E-1444-46B9-8205-1BA17C61DD65}.Release|Any CPU.ActiveCfg = Release|Any CPU
		{DC21976E-1444-46B9-8205-1BA17C61DD65}.Release|Any CPU.Build.0 = Release|Any CPU
		{855F50B0-566E-4766-BFEB-F6E66349B7CB}.Debug|Any CPU.ActiveCfg = Debug|Any CPU
		{855F50B0-566E-4766-BFEB-F6E66349B7CB}.Debug|Any CPU.Build.0 = Debug|Any CPU
		{855F50B0-566E-4766-BFEB-F6E66349B7CB}.Release|Any CPU.ActiveCfg = Release|Any CPU
		{855F50B0-566E-4766-BFEB-F6E66349B7CB}.Release|Any CPU.Build.0 = Release|Any CPU
		{B58E25B1-9251-4A8F-86ED-90F183D923C7}.Debug|Any CPU.ActiveCfg = Debug|Any CPU
		{B58E25B1-9251-4A8F-86ED-90F183D923C7}.Debug|Any CPU.Build.0 = Debug|Any CPU
		{B58E25B1-9251-4A8F-86ED-90F183D923C7}.Release|Any CPU.ActiveCfg = Release|Any CPU
		{B58E25B1-9251-4A8F-86ED-90F183D923C7}.Release|Any CPU.Build.0 = Release|Any CPU
		{AFF4AEA0-AA2B-478C-AC5E-A41C6E926D9E}.Debug|Any CPU.ActiveCfg = Debug|Any CPU
		{AFF4AEA0-AA2B-478C-AC5E-A41C6E926D9E}.Debug|Any CPU.Build.0 = Debug|Any CPU
		{AFF4AEA0-AA2B-478C-AC5E-A41C6E926D9E}.Release|Any CPU.ActiveCfg = Release|Any CPU
		{AFF4AEA0-AA2B-478C-AC5E-A41C6E926D9E}.Release|Any CPU.Build.0 = Release|Any CPU
		{817A4649-E30E-4932-B2ED-B46663010B6D}.Debug|Any CPU.ActiveCfg = Debug|Any CPU
		{817A4649-E30E-4932-B2ED-B46663010B6D}.Debug|Any CPU.Build.0 = Debug|Any CPU
		{817A4649-E30E-4932-B2ED-B46663010B6D}.Release|Any CPU.ActiveCfg = Release|Any CPU
		{817A4649-E30E-4932-B2ED-B46663010B6D}.Release|Any CPU.Build.0 = Release|Any CPU
		{77501C12-8B5F-464B-AC97-FE02965CC269}.Debug|Any CPU.ActiveCfg = Debug|Any CPU
		{77501C12-8B5F-464B-AC97-FE02965CC269}.Debug|Any CPU.Build.0 = Debug|Any CPU
		{77501C12-8B5F-464B-AC97-FE02965CC269}.Release|Any CPU.ActiveCfg = Release|Any CPU
		{77501C12-8B5F-464B-AC97-FE02965CC269}.Release|Any CPU.Build.0 = Release|Any CPU
		{A9F38443-71E7-41DA-BFFE-ED723B89462D}.Debug|Any CPU.ActiveCfg = Debug|Any CPU
		{A9F38443-71E7-41DA-BFFE-ED723B89462D}.Debug|Any CPU.Build.0 = Debug|Any CPU
		{A9F38443-71E7-41DA-BFFE-ED723B89462D}.Release|Any CPU.ActiveCfg = Release|Any CPU
		{A9F38443-71E7-41DA-BFFE-ED723B89462D}.Release|Any CPU.Build.0 = Release|Any CPU
		{0C921A90-6F4C-441B-AA2F-F943392FB514}.Debug|Any CPU.ActiveCfg = Debug|Any CPU
		{0C921A90-6F4C-441B-AA2F-F943392FB514}.Debug|Any CPU.Build.0 = Debug|Any CPU
		{0C921A90-6F4C-441B-AA2F-F943392FB514}.Release|Any CPU.ActiveCfg = Release|Any CPU
		{0C921A90-6F4C-441B-AA2F-F943392FB514}.Release|Any CPU.Build.0 = Release|Any CPU
		{ED3729EB-53CE-4515-B4A4-55AAA1C6EB09}.Debug|Any CPU.ActiveCfg = Debug|Any CPU
		{ED3729EB-53CE-4515-B4A4-55AAA1C6EB09}.Debug|Any CPU.Build.0 = Debug|Any CPU
		{ED3729EB-53CE-4515-B4A4-55AAA1C6EB09}.Release|Any CPU.ActiveCfg = Release|Any CPU
		{ED3729EB-53CE-4515-B4A4-55AAA1C6EB09}.Release|Any CPU.Build.0 = Release|Any CPU
		{E9D92354-CA2B-4D69-93AB-4FF8731418BE}.Debug|Any CPU.ActiveCfg = Debug|Any CPU
		{E9D92354-CA2B-4D69-93AB-4FF8731418BE}.Debug|Any CPU.Build.0 = Debug|Any CPU
		{E9D92354-CA2B-4D69-93AB-4FF8731418BE}.Release|Any CPU.ActiveCfg = Release|Any CPU
		{E9D92354-CA2B-4D69-93AB-4FF8731418BE}.Release|Any CPU.Build.0 = Release|Any CPU
		{EB552A82-F397-46D2-8073-88591AD9156D}.Debug|Any CPU.ActiveCfg = Debug|Any CPU
		{EB552A82-F397-46D2-8073-88591AD9156D}.Debug|Any CPU.Build.0 = Debug|Any CPU
		{EB552A82-F397-46D2-8073-88591AD9156D}.Release|Any CPU.ActiveCfg = Release|Any CPU
		{EB552A82-F397-46D2-8073-88591AD9156D}.Release|Any CPU.Build.0 = Release|Any CPU
		{4154DF4A-2596-4808-B54E-A6877CE26E8F}.Debug|Any CPU.ActiveCfg = Debug|Any CPU
		{4154DF4A-2596-4808-B54E-A6877CE26E8F}.Debug|Any CPU.Build.0 = Debug|Any CPU
		{4154DF4A-2596-4808-B54E-A6877CE26E8F}.Release|Any CPU.ActiveCfg = Release|Any CPU
		{4154DF4A-2596-4808-B54E-A6877CE26E8F}.Release|Any CPU.Build.0 = Release|Any CPU
		{88FCB927-82FF-4FCA-8016-DA6C0A6180A6}.Debug|Any CPU.ActiveCfg = Debug|Any CPU
		{88FCB927-82FF-4FCA-8016-DA6C0A6180A6}.Debug|Any CPU.Build.0 = Debug|Any CPU
		{88FCB927-82FF-4FCA-8016-DA6C0A6180A6}.Release|Any CPU.ActiveCfg = Release|Any CPU
		{88FCB927-82FF-4FCA-8016-DA6C0A6180A6}.Release|Any CPU.Build.0 = Release|Any CPU
		{E5B554A5-F86B-4678-A61F-D28A98BDEECF}.Debug|Any CPU.ActiveCfg = Debug|Any CPU
		{E5B554A5-F86B-4678-A61F-D28A98BDEECF}.Debug|Any CPU.Build.0 = Debug|Any CPU
		{E5B554A5-F86B-4678-A61F-D28A98BDEECF}.Release|Any CPU.ActiveCfg = Release|Any CPU
		{E5B554A5-F86B-4678-A61F-D28A98BDEECF}.Release|Any CPU.Build.0 = Release|Any CPU
		{5BECEF54-773A-49D8-A907-D7224CDD48B0}.Debug|Any CPU.ActiveCfg = Debug|Any CPU
		{5BECEF54-773A-49D8-A907-D7224CDD48B0}.Debug|Any CPU.Build.0 = Debug|Any CPU
		{5BECEF54-773A-49D8-A907-D7224CDD48B0}.Release|Any CPU.ActiveCfg = Release|Any CPU
		{5BECEF54-773A-49D8-A907-D7224CDD48B0}.Release|Any CPU.Build.0 = Release|Any CPU
		{F09B903E-7EB7-4857-87D4-DC155E03C64C}.Debug|Any CPU.ActiveCfg = Debug|Any CPU
		{F09B903E-7EB7-4857-87D4-DC155E03C64C}.Debug|Any CPU.Build.0 = Debug|Any CPU
		{F09B903E-7EB7-4857-87D4-DC155E03C64C}.Release|Any CPU.ActiveCfg = Release|Any CPU
		{F09B903E-7EB7-4857-87D4-DC155E03C64C}.Release|Any CPU.Build.0 = Release|Any CPU
		{C5791A0F-2AD4-4889-A9FB-09CB1B0CC8A1}.Debug|Any CPU.ActiveCfg = Debug|Any CPU
		{C5791A0F-2AD4-4889-A9FB-09CB1B0CC8A1}.Debug|Any CPU.Build.0 = Debug|Any CPU
		{C5791A0F-2AD4-4889-A9FB-09CB1B0CC8A1}.Release|Any CPU.ActiveCfg = Release|Any CPU
		{C5791A0F-2AD4-4889-A9FB-09CB1B0CC8A1}.Release|Any CPU.Build.0 = Release|Any CPU
		{3572D1E2-4B59-4F4F-BDC9-33E5DE7F6493}.Debug|Any CPU.ActiveCfg = Debug|Any CPU
		{3572D1E2-4B59-4F4F-BDC9-33E5DE7F6493}.Debug|Any CPU.Build.0 = Debug|Any CPU
		{3572D1E2-4B59-4F4F-BDC9-33E5DE7F6493}.Release|Any CPU.ActiveCfg = Release|Any CPU
		{3572D1E2-4B59-4F4F-BDC9-33E5DE7F6493}.Release|Any CPU.Build.0 = Release|Any CPU
		{312164F8-ED3F-4A0E-A200-CDBD0B021236}.Debug|Any CPU.ActiveCfg = Debug|Any CPU
		{312164F8-ED3F-4A0E-A200-CDBD0B021236}.Debug|Any CPU.Build.0 = Debug|Any CPU
		{312164F8-ED3F-4A0E-A200-CDBD0B021236}.Release|Any CPU.ActiveCfg = Release|Any CPU
		{312164F8-ED3F-4A0E-A200-CDBD0B021236}.Release|Any CPU.Build.0 = Release|Any CPU
		{E7EDA087-96CE-4DE9-8793-BD2BFDB4BDB2}.Debug|Any CPU.ActiveCfg = Debug|Any CPU
		{E7EDA087-96CE-4DE9-8793-BD2BFDB4BDB2}.Debug|Any CPU.Build.0 = Debug|Any CPU
		{E7EDA087-96CE-4DE9-8793-BD2BFDB4BDB2}.Release|Any CPU.ActiveCfg = Release|Any CPU
		{E7EDA087-96CE-4DE9-8793-BD2BFDB4BDB2}.Release|Any CPU.Build.0 = Release|Any CPU
		{9A15C697-9D71-49D8-946D-9130BB6F3B5E}.Debug|Any CPU.ActiveCfg = Debug|Any CPU
		{9A15C697-9D71-49D8-946D-9130BB6F3B5E}.Debug|Any CPU.Build.0 = Debug|Any CPU
		{9A15C697-9D71-49D8-946D-9130BB6F3B5E}.Release|Any CPU.ActiveCfg = Release|Any CPU
		{9A15C697-9D71-49D8-946D-9130BB6F3B5E}.Release|Any CPU.Build.0 = Release|Any CPU
		{9C6D5CAD-A295-43EA-9DCC-59A6BF16E7FE}.Debug|Any CPU.ActiveCfg = Debug|Any CPU
		{9C6D5CAD-A295-43EA-9DCC-59A6BF16E7FE}.Debug|Any CPU.Build.0 = Debug|Any CPU
		{9C6D5CAD-A295-43EA-9DCC-59A6BF16E7FE}.Release|Any CPU.ActiveCfg = Release|Any CPU
		{9C6D5CAD-A295-43EA-9DCC-59A6BF16E7FE}.Release|Any CPU.Build.0 = Release|Any CPU
		{167EEBB4-8E0D-4660-AE0B-FB45DD6143EE}.Debug|Any CPU.ActiveCfg = Debug|Any CPU
		{167EEBB4-8E0D-4660-AE0B-FB45DD6143EE}.Debug|Any CPU.Build.0 = Debug|Any CPU
		{167EEBB4-8E0D-4660-AE0B-FB45DD6143EE}.Release|Any CPU.ActiveCfg = Release|Any CPU
		{167EEBB4-8E0D-4660-AE0B-FB45DD6143EE}.Release|Any CPU.Build.0 = Release|Any CPU
		{16B4AD60-8BB8-472D-8E14-E1A33AB58BFB}.Debug|Any CPU.ActiveCfg = Debug|Any CPU
		{16B4AD60-8BB8-472D-8E14-E1A33AB58BFB}.Debug|Any CPU.Build.0 = Debug|Any CPU
		{16B4AD60-8BB8-472D-8E14-E1A33AB58BFB}.Release|Any CPU.ActiveCfg = Release|Any CPU
		{16B4AD60-8BB8-472D-8E14-E1A33AB58BFB}.Release|Any CPU.Build.0 = Release|Any CPU
		{276758B1-2E9F-42BC-A5C5-9C86A4E3739D}.Debug|Any CPU.ActiveCfg = Debug|Any CPU
		{276758B1-2E9F-42BC-A5C5-9C86A4E3739D}.Debug|Any CPU.Build.0 = Debug|Any CPU
		{276758B1-2E9F-42BC-A5C5-9C86A4E3739D}.Release|Any CPU.ActiveCfg = Release|Any CPU
		{276758B1-2E9F-42BC-A5C5-9C86A4E3739D}.Release|Any CPU.Build.0 = Release|Any CPU
		{DF2B0094-FCED-458C-9EA4-B09688252A9A}.Debug|Any CPU.ActiveCfg = Debug|Any CPU
		{DF2B0094-FCED-458C-9EA4-B09688252A9A}.Debug|Any CPU.Build.0 = Debug|Any CPU
		{DF2B0094-FCED-458C-9EA4-B09688252A9A}.Release|Any CPU.ActiveCfg = Release|Any CPU
		{DF2B0094-FCED-458C-9EA4-B09688252A9A}.Release|Any CPU.Build.0 = Release|Any CPU
		{884E7D10-1883-4E75-9A5F-1147A59A7C75}.Debug|Any CPU.ActiveCfg = Debug|Any CPU
		{884E7D10-1883-4E75-9A5F-1147A59A7C75}.Debug|Any CPU.Build.0 = Debug|Any CPU
		{884E7D10-1883-4E75-9A5F-1147A59A7C75}.Release|Any CPU.ActiveCfg = Release|Any CPU
		{884E7D10-1883-4E75-9A5F-1147A59A7C75}.Release|Any CPU.Build.0 = Release|Any CPU
		{915D1CE6-5970-43B7-A994-0C590A1D60C3}.Debug|Any CPU.ActiveCfg = Debug|Any CPU
		{915D1CE6-5970-43B7-A994-0C590A1D60C3}.Debug|Any CPU.Build.0 = Debug|Any CPU
		{915D1CE6-5970-43B7-A994-0C590A1D60C3}.Release|Any CPU.ActiveCfg = Release|Any CPU
		{915D1CE6-5970-43B7-A994-0C590A1D60C3}.Release|Any CPU.Build.0 = Release|Any CPU
		{9FC0E46C-EF3A-46B1-AB80-7F40DC19E7D0}.Debug|Any CPU.ActiveCfg = Debug|Any CPU
		{9FC0E46C-EF3A-46B1-AB80-7F40DC19E7D0}.Debug|Any CPU.Build.0 = Debug|Any CPU
		{9FC0E46C-EF3A-46B1-AB80-7F40DC19E7D0}.Release|Any CPU.ActiveCfg = Release|Any CPU
		{9FC0E46C-EF3A-46B1-AB80-7F40DC19E7D0}.Release|Any CPU.Build.0 = Release|Any CPU
	EndGlobalSection
	GlobalSection(SolutionProperties) = preSolution
		HideSolutionNode = FALSE
	EndGlobalSection
	GlobalSection(ExtensibilityGlobals) = postSolution
		SolutionGuid = {91519217-3A3F-434B-94CC-A13C5A0D9523}
	EndGlobalSection
EndGlobal
